// !$*UTF8*$!
{
	archiveVersion = 1;
	classes = {
	};
	objectVersion = 55;
	objects = {

/* Begin PBXBuildFile section */
		F18F3D4327304597009A210B /* WalkieTalkieApp.swift in Sources */ = {isa = PBXBuildFile; fileRef = F18F3D4227304597009A210B /* WalkieTalkieApp.swift */; };
		F18F3D4527304597009A210B /* ContentView.swift in Sources */ = {isa = PBXBuildFile; fileRef = F18F3D4427304597009A210B /* ContentView.swift */; };
		F18F3D4727304598009A210B /* Assets.xcassets in Resources */ = {isa = PBXBuildFile; fileRef = F18F3D4627304598009A210B /* Assets.xcassets */; };
		F18F3D4A27304598009A210B /* Preview Assets.xcassets in Resources */ = {isa = PBXBuildFile; fileRef = F18F3D4927304598009A210B /* Preview Assets.xcassets */; };
		F18F3D54273046FE009A210B /* LoginView.swift in Sources */ = {isa = PBXBuildFile; fileRef = F18F3D53273046FE009A210B /* LoginView.swift */; };
		F18F3D5727304714009A210B /* HistoryView.swift in Sources */ = {isa = PBXBuildFile; fileRef = F18F3D5627304714009A210B /* HistoryView.swift */; };
		F18F3D5A27304724009A210B /* DataManager.swift in Sources */ = {isa = PBXBuildFile; fileRef = F18F3D5927304724009A210B /* DataManager.swift */; };
		F18F3D5C27304736009A210B /* User.swift in Sources */ = {isa = PBXBuildFile; fileRef = F18F3D5B27304736009A210B /* User.swift */; };
		F18F3D5E2730473D009A210B /* Message.swift in Sources */ = {isa = PBXBuildFile; fileRef = F18F3D5D2730473D009A210B /* Message.swift */; };
		F18F3D6027304746009A210B /* MessageView.swift in Sources */ = {isa = PBXBuildFile; fileRef = F18F3D5F27304746009A210B /* MessageView.swift */; };
		F18F3D6227304751009A210B /* ConversationView.swift in Sources */ = {isa = PBXBuildFile; fileRef = F18F3D6127304751009A210B /* ConversationView.swift */; };
		F18F3D64273051B3009A210B /* APIClient.swift in Sources */ = {isa = PBXBuildFile; fileRef = F18F3D63273051B3009A210B /* APIClient.swift */; };
		F18F3D66273052AD009A210B /* APIRequest.swift in Sources */ = {isa = PBXBuildFile; fileRef = F18F3D65273052AD009A210B /* APIRequest.swift */; };
		F18F3D6C27308071009A210B /* ThemedTextFieldModifier.swift in Sources */ = {isa = PBXBuildFile; fileRef = F18F3D6B27308071009A210B /* ThemedTextFieldModifier.swift */; };
		F18F3D6E273081A2009A210B /* ThemedTextModifier.swift in Sources */ = {isa = PBXBuildFile; fileRef = F18F3D6D273081A2009A210B /* ThemedTextModifier.swift */; };
		F18F3D71273081D5009A210B /* Color+Extension.swift in Sources */ = {isa = PBXBuildFile; fileRef = F18F3D70273081D5009A210B /* Color+Extension.swift */; };
		F18F3D73273084FA009A210B /* NavSearchModifier.swift in Sources */ = {isa = PBXBuildFile; fileRef = F18F3D72273084FA009A210B /* NavSearchModifier.swift */; };
		F18F3D752730F377009A210B /* Conversation.swift in Sources */ = {isa = PBXBuildFile; fileRef = F18F3D742730F377009A210B /* Conversation.swift */; };
		F18F3D772730FD01009A210B /* RefreshableScrollView.swift in Sources */ = {isa = PBXBuildFile; fileRef = F18F3D762730FD01009A210B /* RefreshableScrollView.swift */; };
/* End PBXBuildFile section */

/* Begin PBXFileReference section */
		F18F3D3F27304597009A210B /* WalkieTalkie.app */ = {isa = PBXFileReference; explicitFileType = wrapper.application; includeInIndex = 0; path = WalkieTalkie.app; sourceTree = BUILT_PRODUCTS_DIR; };
		F18F3D4227304597009A210B /* WalkieTalkieApp.swift */ = {isa = PBXFileReference; lastKnownFileType = sourcecode.swift; path = WalkieTalkieApp.swift; sourceTree = "<group>"; };
		F18F3D4427304597009A210B /* ContentView.swift */ = {isa = PBXFileReference; lastKnownFileType = sourcecode.swift; path = ContentView.swift; sourceTree = "<group>"; };
		F18F3D4627304598009A210B /* Assets.xcassets */ = {isa = PBXFileReference; lastKnownFileType = folder.assetcatalog; path = Assets.xcassets; sourceTree = "<group>"; };
		F18F3D4927304598009A210B /* Preview Assets.xcassets */ = {isa = PBXFileReference; lastKnownFileType = folder.assetcatalog; path = "Preview Assets.xcassets"; sourceTree = "<group>"; };
		F18F3D53273046FE009A210B /* LoginView.swift */ = {isa = PBXFileReference; lastKnownFileType = sourcecode.swift; path = LoginView.swift; sourceTree = "<group>"; };
		F18F3D5627304714009A210B /* HistoryView.swift */ = {isa = PBXFileReference; lastKnownFileType = sourcecode.swift; path = HistoryView.swift; sourceTree = "<group>"; };
		F18F3D5927304724009A210B /* DataManager.swift */ = {isa = PBXFileReference; lastKnownFileType = sourcecode.swift; path = DataManager.swift; sourceTree = "<group>"; };
		F18F3D5B27304736009A210B /* User.swift */ = {isa = PBXFileReference; lastKnownFileType = sourcecode.swift; path = User.swift; sourceTree = "<group>"; };
		F18F3D5D2730473D009A210B /* Message.swift */ = {isa = PBXFileReference; lastKnownFileType = sourcecode.swift; path = Message.swift; sourceTree = "<group>"; };
		F18F3D5F27304746009A210B /* MessageView.swift */ = {isa = PBXFileReference; lastKnownFileType = sourcecode.swift; path = MessageView.swift; sourceTree = "<group>"; };
		F18F3D6127304751009A210B /* ConversationView.swift */ = {isa = PBXFileReference; lastKnownFileType = sourcecode.swift; path = ConversationView.swift; sourceTree = "<group>"; };
		F18F3D63273051B3009A210B /* APIClient.swift */ = {isa = PBXFileReference; lastKnownFileType = sourcecode.swift; path = APIClient.swift; sourceTree = "<group>"; };
		F18F3D65273052AD009A210B /* APIRequest.swift */ = {isa = PBXFileReference; lastKnownFileType = sourcecode.swift; path = APIRequest.swift; sourceTree = "<group>"; };
		F18F3D6727305EB0009A210B /* Info.plist */ = {isa = PBXFileReference; lastKnownFileType = text.plist; path = Info.plist; sourceTree = "<group>"; };
		F18F3D6B27308071009A210B /* ThemedTextFieldModifier.swift */ = {isa = PBXFileReference; lastKnownFileType = sourcecode.swift; path = ThemedTextFieldModifier.swift; sourceTree = "<group>"; };
		F18F3D6D273081A2009A210B /* ThemedTextModifier.swift */ = {isa = PBXFileReference; lastKnownFileType = sourcecode.swift; path = ThemedTextModifier.swift; sourceTree = "<group>"; };
		F18F3D70273081D5009A210B /* Color+Extension.swift */ = {isa = PBXFileReference; lastKnownFileType = sourcecode.swift; path = "Color+Extension.swift"; sourceTree = "<group>"; };
		F18F3D72273084FA009A210B /* NavSearchModifier.swift */ = {isa = PBXFileReference; lastKnownFileType = sourcecode.swift; path = NavSearchModifier.swift; sourceTree = "<group>"; };
		F18F3D742730F377009A210B /* Conversation.swift */ = {isa = PBXFileReference; lastKnownFileType = sourcecode.swift; path = Conversation.swift; sourceTree = "<group>"; };
		F18F3D762730FD01009A210B /* RefreshableScrollView.swift */ = {isa = PBXFileReference; lastKnownFileType = sourcecode.swift; path = RefreshableScrollView.swift; sourceTree = "<group>"; };
/* End PBXFileReference section */

/* Begin PBXFrameworksBuildPhase section */
		F18F3D3C27304597009A210B /* Frameworks */ = {
			isa = PBXFrameworksBuildPhase;
			buildActionMask = 2147483647;
			files = (
			);
			runOnlyForDeploymentPostprocessing = 0;
		};
/* End PBXFrameworksBuildPhase section */

/* Begin PBXGroup section */
		F18F3D3627304597009A210B = {
			isa = PBXGroup;
			children = (
				F18F3D4127304597009A210B /* WalkieTalkie */,
				F18F3D4027304597009A210B /* Products */,
			);
			sourceTree = "<group>";
		};
		F18F3D4027304597009A210B /* Products */ = {
			isa = PBXGroup;
			children = (
				F18F3D3F27304597009A210B /* WalkieTalkie.app */,
			);
			name = Products;
			sourceTree = "<group>";
		};
		F18F3D4127304597009A210B /* WalkieTalkie */ = {
			isa = PBXGroup;
			children = (
				F18F3D52273046F1009A210B /* API */,
				F18F3D4627304598009A210B /* Assets.xcassets */,
				F18F3D6F273081C5009A210B /* Extensions */,
				F18F3D6727305EB0009A210B /* Info.plist */,
				F18F3D582730471B009A210B /* Managers */,
				F18F3D50273046C4009A210B /* Models */,
				F18F3D6A27308039009A210B /* Modifiers */,
				F18F3D4827304598009A210B /* Preview Content */,
				F18F3D51273046E8009A210B /* Views */,
				F18F3D4227304597009A210B /* WalkieTalkieApp.swift */,
			);
			path = WalkieTalkie;
			sourceTree = "<group>";
		};
		F18F3D4827304598009A210B /* Preview Content */ = {
			isa = PBXGroup;
			children = (
				F18F3D4927304598009A210B /* Preview Assets.xcassets */,
			);
			path = "Preview Content";
			sourceTree = "<group>";
		};
		F18F3D50273046C4009A210B /* Models */ = {
			isa = PBXGroup;
			children = (
				F18F3D742730F377009A210B /* Conversation.swift */,
				F18F3D5D2730473D009A210B /* Message.swift */,
				F18F3D5B27304736009A210B /* User.swift */,
			);
			path = Models;
			sourceTree = "<group>";
		};
		F18F3D51273046E8009A210B /* Views */ = {
			isa = PBXGroup;
			children = (
				F18F3D4427304597009A210B /* ContentView.swift */,
				F18F3D6127304751009A210B /* ConversationView.swift */,
				F18F3D5627304714009A210B /* HistoryView.swift */,
				F18F3D53273046FE009A210B /* LoginView.swift */,
				F18F3D5F27304746009A210B /* MessageView.swift */,
				F18F3D762730FD01009A210B /* RefreshableScrollView.swift */,
			);
			path = Views;
			sourceTree = "<group>";
		};
		F18F3D52273046F1009A210B /* API */ = {
			isa = PBXGroup;
			children = (
				F18F3D65273052AD009A210B /* APIRequest.swift */,
				F18F3D63273051B3009A210B /* APIClient.swift */,
			);
			path = API;
			sourceTree = "<group>";
		};
		F18F3D582730471B009A210B /* Managers */ = {
			isa = PBXGroup;
			children = (
				F18F3D5927304724009A210B /* DataManager.swift */,
			);
			path = Managers;
			sourceTree = "<group>";
		};
		F18F3D6A27308039009A210B /* Modifiers */ = {
			isa = PBXGroup;
			children = (
				F18F3D6B27308071009A210B /* ThemedTextFieldModifier.swift */,
				F18F3D6D273081A2009A210B /* ThemedTextModifier.swift */,
				F18F3D72273084FA009A210B /* NavSearchModifier.swift */,
			);
			path = Modifiers;
			sourceTree = "<group>";
		};
		F18F3D6F273081C5009A210B /* Extensions */ = {
			isa = PBXGroup;
			children = (
				F18F3D70273081D5009A210B /* Color+Extension.swift */,
			);
			path = Extensions;
			sourceTree = "<group>";
		};
/* End PBXGroup section */

/* Begin PBXNativeTarget section */
		F18F3D3E27304597009A210B /* WalkieTalkie */ = {
			isa = PBXNativeTarget;
			buildConfigurationList = F18F3D4D27304598009A210B /* Build configuration list for PBXNativeTarget "WalkieTalkie" */;
			buildPhases = (
				F18F3D3B27304597009A210B /* Sources */,
				F18F3D3C27304597009A210B /* Frameworks */,
				F18F3D3D27304597009A210B /* Resources */,
			);
			buildRules = (
			);
			dependencies = (
			);
			name = WalkieTalkie;
			productName = WalkieTalkie;
			productReference = F18F3D3F27304597009A210B /* WalkieTalkie.app */;
			productType = "com.apple.product-type.application";
		};
/* End PBXNativeTarget section */

/* Begin PBXProject section */
		F18F3D3727304597009A210B /* Project object */ = {
			isa = PBXProject;
			attributes = {
				BuildIndependentTargetsInParallel = 1;
				LastSwiftUpdateCheck = 1310;
				LastUpgradeCheck = 1310;
				TargetAttributes = {
					F18F3D3E27304597009A210B = {
						CreatedOnToolsVersion = 13.1;
					};
				};
			};
			buildConfigurationList = F18F3D3A27304597009A210B /* Build configuration list for PBXProject "WalkieTalkie" */;
			compatibilityVersion = "Xcode 13.0";
			developmentRegion = en;
			hasScannedForEncodings = 0;
			knownRegions = (
				en,
				Base,
			);
			mainGroup = F18F3D3627304597009A210B;
			productRefGroup = F18F3D4027304597009A210B /* Products */;
			projectDirPath = "";
			projectRoot = "";
			targets = (
				F18F3D3E27304597009A210B /* WalkieTalkie */,
			);
		};
/* End PBXProject section */

/* Begin PBXResourcesBuildPhase section */
		F18F3D3D27304597009A210B /* Resources */ = {
			isa = PBXResourcesBuildPhase;
			buildActionMask = 2147483647;
			files = (
				F18F3D4A27304598009A210B /* Preview Assets.xcassets in Resources */,
				F18F3D4727304598009A210B /* Assets.xcassets in Resources */,
			);
			runOnlyForDeploymentPostprocessing = 0;
		};
/* End PBXResourcesBuildPhase section */

/* Begin PBXSourcesBuildPhase section */
		F18F3D3B27304597009A210B /* Sources */ = {
			isa = PBXSourcesBuildPhase;
			buildActionMask = 2147483647;
			files = (
				F18F3D6E273081A2009A210B /* ThemedTextModifier.swift in Sources */,
				F18F3D71273081D5009A210B /* Color+Extension.swift in Sources */,
				F18F3D772730FD01009A210B /* RefreshableScrollView.swift in Sources */,
				F18F3D54273046FE009A210B /* LoginView.swift in Sources */,
				F18F3D5A27304724009A210B /* DataManager.swift in Sources */,
				F18F3D5C27304736009A210B /* User.swift in Sources */,
				F18F3D64273051B3009A210B /* APIClient.swift in Sources */,
				F18F3D5727304714009A210B /* HistoryView.swift in Sources */,
				F18F3D6027304746009A210B /* MessageView.swift in Sources */,
				F18F3D752730F377009A210B /* Conversation.swift in Sources */,
				F18F3D6C27308071009A210B /* ThemedTextFieldModifier.swift in Sources */,
				F18F3D4527304597009A210B /* ContentView.swift in Sources */,
				F18F3D66273052AD009A210B /* APIRequest.swift in Sources */,
				F18F3D4327304597009A210B /* WalkieTalkieApp.swift in Sources */,
				F18F3D5E2730473D009A210B /* Message.swift in Sources */,
				F18F3D6227304751009A210B /* ConversationView.swift in Sources */,
				F18F3D73273084FA009A210B /* NavSearchModifier.swift in Sources */,
			);
			runOnlyForDeploymentPostprocessing = 0;
		};
/* End PBXSourcesBuildPhase section */

/* Begin XCBuildConfiguration section */
		F18F3D4B27304598009A210B /* Debug */ = {
			isa = XCBuildConfiguration;
			buildSettings = {
				ALWAYS_SEARCH_USER_PATHS = NO;
				CLANG_ANALYZER_NONNULL = YES;
				CLANG_ANALYZER_NUMBER_OBJECT_CONVERSION = YES_AGGRESSIVE;
				CLANG_CXX_LANGUAGE_STANDARD = "gnu++17";
				CLANG_CXX_LIBRARY = "libc++";
				CLANG_ENABLE_MODULES = YES;
				CLANG_ENABLE_OBJC_ARC = YES;
				CLANG_ENABLE_OBJC_WEAK = YES;
				CLANG_WARN_BLOCK_CAPTURE_AUTORELEASING = YES;
				CLANG_WARN_BOOL_CONVERSION = YES;
				CLANG_WARN_COMMA = YES;
				CLANG_WARN_CONSTANT_CONVERSION = YES;
				CLANG_WARN_DEPRECATED_OBJC_IMPLEMENTATIONS = YES;
				CLANG_WARN_DIRECT_OBJC_ISA_USAGE = YES_ERROR;
				CLANG_WARN_DOCUMENTATION_COMMENTS = YES;
				CLANG_WARN_EMPTY_BODY = YES;
				CLANG_WARN_ENUM_CONVERSION = YES;
				CLANG_WARN_INFINITE_RECURSION = YES;
				CLANG_WARN_INT_CONVERSION = YES;
				CLANG_WARN_NON_LITERAL_NULL_CONVERSION = YES;
				CLANG_WARN_OBJC_IMPLICIT_RETAIN_SELF = YES;
				CLANG_WARN_OBJC_LITERAL_CONVERSION = YES;
				CLANG_WARN_OBJC_ROOT_CLASS = YES_ERROR;
				CLANG_WARN_QUOTED_INCLUDE_IN_FRAMEWORK_HEADER = YES;
				CLANG_WARN_RANGE_LOOP_ANALYSIS = YES;
				CLANG_WARN_STRICT_PROTOTYPES = YES;
				CLANG_WARN_SUSPICIOUS_MOVE = YES;
				CLANG_WARN_UNGUARDED_AVAILABILITY = YES_AGGRESSIVE;
				CLANG_WARN_UNREACHABLE_CODE = YES;
				CLANG_WARN__DUPLICATE_METHOD_MATCH = YES;
				COPY_PHASE_STRIP = NO;
				DEBUG_INFORMATION_FORMAT = dwarf;
				ENABLE_STRICT_OBJC_MSGSEND = YES;
				ENABLE_TESTABILITY = YES;
				GCC_C_LANGUAGE_STANDARD = gnu11;
				GCC_DYNAMIC_NO_PIC = NO;
				GCC_NO_COMMON_BLOCKS = YES;
				GCC_OPTIMIZATION_LEVEL = 0;
				GCC_PREPROCESSOR_DEFINITIONS = (
					"DEBUG=1",
					"$(inherited)",
				);
				GCC_WARN_64_TO_32_BIT_CONVERSION = YES;
				GCC_WARN_ABOUT_RETURN_TYPE = YES_ERROR;
				GCC_WARN_UNDECLARED_SELECTOR = YES;
				GCC_WARN_UNINITIALIZED_AUTOS = YES_AGGRESSIVE;
				GCC_WARN_UNUSED_FUNCTION = YES;
				GCC_WARN_UNUSED_VARIABLE = YES;
				IPHONEOS_DEPLOYMENT_TARGET = 14.4;
				MTL_ENABLE_DEBUG_INFO = INCLUDE_SOURCE;
				MTL_FAST_MATH = YES;
				ONLY_ACTIVE_ARCH = YES;
				SDKROOT = iphoneos;
				SWIFT_ACTIVE_COMPILATION_CONDITIONS = DEBUG;
				SWIFT_OPTIMIZATION_LEVEL = "-Onone";
			};
			name = Debug;
		};
		F18F3D4C27304598009A210B /* Release */ = {
			isa = XCBuildConfiguration;
			buildSettings = {
				ALWAYS_SEARCH_USER_PATHS = NO;
				CLANG_ANALYZER_NONNULL = YES;
				CLANG_ANALYZER_NUMBER_OBJECT_CONVERSION = YES_AGGRESSIVE;
				CLANG_CXX_LANGUAGE_STANDARD = "gnu++17";
				CLANG_CXX_LIBRARY = "libc++";
				CLANG_ENABLE_MODULES = YES;
				CLANG_ENABLE_OBJC_ARC = YES;
				CLANG_ENABLE_OBJC_WEAK = YES;
				CLANG_WARN_BLOCK_CAPTURE_AUTORELEASING = YES;
				CLANG_WARN_BOOL_CONVERSION = YES;
				CLANG_WARN_COMMA = YES;
				CLANG_WARN_CONSTANT_CONVERSION = YES;
				CLANG_WARN_DEPRECATED_OBJC_IMPLEMENTATIONS = YES;
				CLANG_WARN_DIRECT_OBJC_ISA_USAGE = YES_ERROR;
				CLANG_WARN_DOCUMENTATION_COMMENTS = YES;
				CLANG_WARN_EMPTY_BODY = YES;
				CLANG_WARN_ENUM_CONVERSION = YES;
				CLANG_WARN_INFINITE_RECURSION = YES;
				CLANG_WARN_INT_CONVERSION = YES;
				CLANG_WARN_NON_LITERAL_NULL_CONVERSION = YES;
				CLANG_WARN_OBJC_IMPLICIT_RETAIN_SELF = YES;
				CLANG_WARN_OBJC_LITERAL_CONVERSION = YES;
				CLANG_WARN_OBJC_ROOT_CLASS = YES_ERROR;
				CLANG_WARN_QUOTED_INCLUDE_IN_FRAMEWORK_HEADER = YES;
				CLANG_WARN_RANGE_LOOP_ANALYSIS = YES;
				CLANG_WARN_STRICT_PROTOTYPES = YES;
				CLANG_WARN_SUSPICIOUS_MOVE = YES;
				CLANG_WARN_UNGUARDED_AVAILABILITY = YES_AGGRESSIVE;
				CLANG_WARN_UNREACHABLE_CODE = YES;
				CLANG_WARN__DUPLICATE_METHOD_MATCH = YES;
				COPY_PHASE_STRIP = NO;
				DEBUG_INFORMATION_FORMAT = "dwarf-with-dsym";
				ENABLE_NS_ASSERTIONS = NO;
				ENABLE_STRICT_OBJC_MSGSEND = YES;
				GCC_C_LANGUAGE_STANDARD = gnu11;
				GCC_NO_COMMON_BLOCKS = YES;
				GCC_WARN_64_TO_32_BIT_CONVERSION = YES;
				GCC_WARN_ABOUT_RETURN_TYPE = YES_ERROR;
				GCC_WARN_UNDECLARED_SELECTOR = YES;
				GCC_WARN_UNINITIALIZED_AUTOS = YES_AGGRESSIVE;
				GCC_WARN_UNUSED_FUNCTION = YES;
				GCC_WARN_UNUSED_VARIABLE = YES;
				IPHONEOS_DEPLOYMENT_TARGET = 14.4;
				MTL_ENABLE_DEBUG_INFO = NO;
				MTL_FAST_MATH = YES;
				SDKROOT = iphoneos;
				SWIFT_COMPILATION_MODE = wholemodule;
				SWIFT_OPTIMIZATION_LEVEL = "-O";
				VALIDATE_PRODUCT = YES;
			};
			name = Release;
		};
		F18F3D4E27304598009A210B /* Debug */ = {
			isa = XCBuildConfiguration;
			buildSettings = {
				ASSETCATALOG_COMPILER_APPICON_NAME = AppIcon;
				ASSETCATALOG_COMPILER_GLOBAL_ACCENT_COLOR_NAME = AccentColor;
				CODE_SIGN_STYLE = Automatic;
				CURRENT_PROJECT_VERSION = 1;
				DEVELOPMENT_ASSET_PATHS = "\"WalkieTalkie/Preview Content\"";
				DEVELOPMENT_TEAM = L48PL2D99V;
				ENABLE_PREVIEWS = YES;
				GENERATE_INFOPLIST_FILE = YES;
				INFOPLIST_FILE = WalkieTalkie/Info.plist;
				INFOPLIST_KEY_UIApplicationSceneManifest_Generation = YES;
				INFOPLIST_KEY_UIApplicationSupportsIndirectInputEvents = YES;
				INFOPLIST_KEY_UILaunchScreen_Generation = YES;
				INFOPLIST_KEY_UISupportedInterfaceOrientations_iPad = "UIInterfaceOrientationPortrait UIInterfaceOrientationPortraitUpsideDown UIInterfaceOrientationLandscapeLeft UIInterfaceOrientationLandscapeRight";
				INFOPLIST_KEY_UISupportedInterfaceOrientations_iPhone = "UIInterfaceOrientationPortrait UIInterfaceOrientationLandscapeLeft UIInterfaceOrientationLandscapeRight";
				IPHONEOS_DEPLOYMENT_TARGET = 14.4;
				LD_RUNPATH_SEARCH_PATHS = (
					"$(inherited)",
					"@executable_path/Frameworks",
				);
				MARKETING_VERSION = 1.0;
				PRODUCT_BUNDLE_IDENTIFIER = com.bkeck.WalkieTalkie;
				PRODUCT_NAME = "$(TARGET_NAME)";
				SERVER_URL = "http://192.168.7.220:3000";
				SWIFT_EMIT_LOC_STRINGS = YES;
				SWIFT_VERSION = 5.0;
				TARGETED_DEVICE_FAMILY = "1,2";
			};
			name = Debug;
		};
		F18F3D4F27304598009A210B /* Release */ = {
			isa = XCBuildConfiguration;
			buildSettings = {
				ASSETCATALOG_COMPILER_APPICON_NAME = AppIcon;
				ASSETCATALOG_COMPILER_GLOBAL_ACCENT_COLOR_NAME = AccentColor;
				CODE_SIGN_STYLE = Automatic;
				CURRENT_PROJECT_VERSION = 1;
				DEVELOPMENT_ASSET_PATHS = "\"WalkieTalkie/Preview Content\"";
				DEVELOPMENT_TEAM = L48PL2D99V;
				ENABLE_PREVIEWS = YES;
				GENERATE_INFOPLIST_FILE = YES;
				INFOPLIST_FILE = WalkieTalkie/Info.plist;
				INFOPLIST_KEY_UIApplicationSceneManifest_Generation = YES;
				INFOPLIST_KEY_UIApplicationSupportsIndirectInputEvents = YES;
				INFOPLIST_KEY_UILaunchScreen_Generation = YES;
				INFOPLIST_KEY_UISupportedInterfaceOrientations_iPad = "UIInterfaceOrientationPortrait UIInterfaceOrientationPortraitUpsideDown UIInterfaceOrientationLandscapeLeft UIInterfaceOrientationLandscapeRight";
				INFOPLIST_KEY_UISupportedInterfaceOrientations_iPhone = "UIInterfaceOrientationPortrait UIInterfaceOrientationLandscapeLeft UIInterfaceOrientationLandscapeRight";
				IPHONEOS_DEPLOYMENT_TARGET = 14.4;
				LD_RUNPATH_SEARCH_PATHS = (
					"$(inherited)",
					"@executable_path/Frameworks",
				);
				MARKETING_VERSION = 1.0;
				PRODUCT_BUNDLE_IDENTIFIER = com.bkeck.WalkieTalkie;
				PRODUCT_NAME = "$(TARGET_NAME)";
				SERVER_URL = "http://192.168.7.220:3000";
				SWIFT_EMIT_LOC_STRINGS = YES;
				SWIFT_VERSION = 5.0;
				TARGETED_DEVICE_FAMILY = "1,2";
			};
			name = Release;
		};
/* End XCBuildConfiguration section */

/* Begin XCConfigurationList section */
		F18F3D3A27304597009A210B /* Build configuration list for PBXProject "WalkieTalkie" */ = {
			isa = XCConfigurationList;
			buildConfigurations = (
				F18F3D4B27304598009A210B /* Debug */,
				F18F3D4C27304598009A210B /* Release */,
			);
			defaultConfigurationIsVisible = 0;
			defaultConfigurationName = Release;
		};
		F18F3D4D27304598009A210B /* Build configuration list for PBXNativeTarget "WalkieTalkie" */ = {
			isa = XCConfigurationList;
			buildConfigurations = (
				F18F3D4E27304598009A210B /* Debug */,
				F18F3D4F27304598009A210B /* Release */,
			);
			defaultConfigurationIsVisible = 0;
			defaultConfigurationName = Release;
		};
/* End XCConfigurationList section */
	};
	rootObject = F18F3D3727304597009A210B /* Project object */;
}
